PODS:
  - Alamofire (4.9.1)
  - PINCache (3.0.1-beta.6):
    - PINCache/Arc-exception-safe (= 3.0.1-beta.6)
    - PINCache/Core (= 3.0.1-beta.6)
  - PINCache/Arc-exception-safe (3.0.1-beta.6):
    - PINCache/Core
  - PINCache/Core (3.0.1-beta.6):
    - PINOperation (~> 1.1.0)
  - PINOperation (1.1.2)
  - PINRemoteImage/Core (3.0.0-beta.13):
    - PINOperation
  - PINRemoteImage/iOS (3.0.0-beta.13):
    - PINRemoteImage/Core
  - PINRemoteImage/PINCache (3.0.0-beta.13):
    - PINCache (= 3.0.1-beta.6)
    - PINRemoteImage/Core
  - SnapKit (5.0.1)
  - Starscream (4.0.3)
  - SwiftLint (0.39.2)
  - SwiftyJSON (4.3.0)
  - Swinject (2.7.1)
  - Texture (2.8.1):
    - Texture/AssetsLibrary (= 2.8.1)
    - Texture/Core (= 2.8.1)
    - Texture/MapKit (= 2.8.1)
    - Texture/Photos (= 2.8.1)
    - Texture/PINRemoteImage (= 2.8.1)
    - Texture/Video (= 2.8.1)
  - Texture/AssetsLibrary (2.8.1):
    - Texture/Core
  - Texture/Core (2.8.1)
  - Texture/MapKit (2.8.1):
    - Texture/Core
  - Texture/Photos (2.8.1):
    - Texture/Core
  - Texture/PINRemoteImage (2.8.1):
    - PINRemoteImage/iOS (= 3.0.0-beta.13)
    - PINRemoteImage/PINCache
    - Texture/Core
  - Texture/Video (2.8.1):
    - Texture/Core

DEPENDENCIES:
  - Alamofire (~> 4.0)
  - SnapKit (~> 5.0.0)
  - Starscream (~> 4.0.0)
  - SwiftLint
  - SwiftyJSON (~> 4.0)
  - Swinject
  - Texture

SPEC REPOS:
  trunk:
    - Alamofire
    - PINCache
    - PINOperation
    - PINRemoteImage
    - SnapKit
    - Starscream
    - SwiftLint
    - SwiftyJSON
    - Swinject
    - Texture

SPEC CHECKSUMS:
  Alamofire: 85e8a02c69d6020a0d734f6054870d7ecb75cf18
  PINCache: d195fdba255283f7e9900a55e3cced377f431f9b
  PINOperation: 24b774353ca248fcf87d67b2d61eef42087c125a
  PINRemoteImage: d6d51c5d2adda55f1ce30c96e850b6c4ebd2856a
  SnapKit: 97b92857e3df3a0c71833cce143274bf6ef8e5eb
  Starscream: ef06f0961fff0880bca0604416d61141e4faca67
  SwiftLint: 22ccbbe3b8008684be5955693bab135e0ed6a447
  SwiftyJSON: 6faa0040f8b59dead0ee07436cbf76b73c08fd08
  Swinject: ddf78b8486dd9b71a667b852cad919ab4484478e
  Texture: 8ecf6984065a1e54f06bf97b349ecca28582acd7

PODFILE CHECKSUM: 453ee7f6ba39d07c5ee3a39d6dc951eca203a8d5

COCOAPODS: 1.9.1
