{"projectHash":"32488dee59816e4c33e2cea83468f8dd2ff2e239","productModuleName":"Ecommerce","sourceFilePaths":[{"path":"\/Users\/ilya\/Desktop\/Ecommerce\/ecommerce\/Ecommerce\/Ecommerce\/App\/AppDelegate.swift","hash":"7b9a7f769e9b59c5bb4598251fada003620c3fff"},{"path":"\/Users\/ilya\/Desktop\/Ecommerce\/ecommerce\/Ecommerce\/Ecommerce\/App\/Assembly\/AuthorizationAssembly.swift","hash":"6b01c382b02a8494f34c4999f6013a2cc0c1c1e2"},{"path":"\/Users\/ilya\/Desktop\/Ecommerce\/ecommerce\/Ecommerce\/Ecommerce\/App\/BusinessLogic\/Network\/AbstractRequestFactory.swift","hash":"ae96ac27cd6d1963fc845d8eadf8bfa2dcd77e62"},{"path":"\/Users\/ilya\/Desktop\/Ecommerce\/ecommerce\/Ecommerce\/Ecommerce\/App\/BusinessLogic\/Network\/Parser\/AbstractErrorParser.swift","hash":"bd0ff6ffc2daebd05c84ce6a7ebabe8eb887e2c6"},{"path":"\/Users\/ilya\/Desktop\/Ecommerce\/ecommerce\/Ecommerce\/Ecommerce\/App\/BusinessLogic\/Network\/RequestRouter.swift","hash":"d86a1fd2775d66e723a18ce2659cdb0944a98735"},{"path":"\/Users\/ilya\/Desktop\/Ecommerce\/ecommerce\/Ecommerce\/Ecommerce\/App\/BusinessLogic\/Presentation\/Authorization\/AuthorizationController.swift","hash":"9678015a0d463fe9aa44fdf09e41d94d0a277c03"},{"path":"\/Users\/ilya\/Desktop\/Ecommerce\/ecommerce\/Ecommerce\/Ecommerce\/App\/BusinessLogic\/Presentation\/Authorization\/AuthorizationPresenter.swift","hash":"a992ecd861f9abf574b6d9517811f7aef978a060"},{"path":"\/Users\/ilya\/Desktop\/Ecommerce\/ecommerce\/Ecommerce\/Ecommerce\/App\/BusinessLogic\/Presentation\/Authorization\/AuthorizationRouter.swift","hash":"ca7a7ae514d43786596d8e090fbb48bb9f57f8e2"},{"path":"\/Users\/ilya\/Desktop\/Ecommerce\/ecommerce\/Ecommerce\/Ecommerce\/App\/Model\/MailService.swift","hash":"8aa72e5ea6d868518cc1897a988d56016d448571"},{"path":"\/Users\/ilya\/Desktop\/Ecommerce\/ecommerce\/Ecommerce\/Ecommerce\/App\/SceneDelegate.swift","hash":"5cba45eab5d8afdfa317179714de07ddb9e8fc68"},{"path":"\/Users\/ilya\/Desktop\/Ecommerce\/ecommerce\/Ecommerce\/Ecommerce\/Ast.swift","hash":"b1c249f68b74e160d245444ba775765bf7bace5b"}],"outputHash":"aed7c48cdf4b74038c5db371479cec5ebfb9acc6","supportingFilePaths":[],"sourceRoot":"\/Users\/ilya\/Desktop\/Ecommerce\/ecommerce\/Ecommerce","targetPathsHash":"6a1ad030c17f15c6b630a993eb4bd6d9539b6baf","dependencyPathsHash":"da39a3ee5e6b4b0d3255bfef95601890afd80709","dependencies":[],"name":"Ecommerce","cliVersion":"0.11.0"}